{
  "name": "lovepop",
  "version": "1.0.0",
  "lockfileVersion": 1,
  "requires": true,
  "dependencies": {
    "CBuffer": {
      "version": "0.1.5",
      "resolved": "https://artifactory.aws.athenahealth.com:443/api/npm/npm/CBuffer/-/CBuffer-0.1.5.tgz",
      "integrity": "sha1-3yk7wEVCHg1N60dW1+kI9dJ2jrQ="
    },
    "binaryheap-resizable": {
      "version": "1.0.0",
      "resolved": "https://artifactory.aws.athenahealth.com:443/api/npm/npm/binaryheap-resizable/-/binaryheap-resizable-1.0.0.tgz",
      "integrity": "sha1-6XHlzwAXtN+QKeLwTsGtoDFHO5E=",
      "requires": {
        "peek": "0.0.2"
      }
    },
    "cbuffer-resizable": {
      "version": "0.0.3",
      "resolved": "https://artifactory.aws.athenahealth.com:443/api/npm/npm/cbuffer-resizable/-/cbuffer-resizable-0.0.3.tgz",
      "integrity": "sha1-9nbngURO0FDUXVP7F1mb8MoZCLg=",
      "requires": {
        "CBuffer": "0.1.5"
      }
    },
    "peek": {
      "version": "0.0.2",
      "resolved": "https://artifactory.aws.athenahealth.com:443/api/npm/npm/peek/-/peek-0.0.2.tgz",
      "integrity": "sha1-WLVmZE+M2+L7NqqmscOEEXYDpUA="
    },
    "task-queue": {
      "version": "1.0.2",
      "resolved": "https://artifactory.aws.athenahealth.com:443/api/npm/npm/task-queue/-/task-queue-1.0.2.tgz",
      "integrity": "sha1-RvPLXg6ccU+taLQZKkNEekdcZsI=",
      "requires": {
        "binaryheap-resizable": "1.0.0",
        "cbuffer-resizable": "0.0.3"
      }
    }
  }
}
